
Microsoft Visual Studio Solution File, Format Version 12.00
# Visual Studio Version 17
VisualStudioVersion = 17.4.33403.182
MinimumVisualStudioVersion = 10.0.40219.1
Project("{2150E333-8FDC-42A3-9474-1A3956D46DE8}") = "Server", "Server", "{176B2B19-8F90-456C-9B19-5FB3E5C94A57}"
EndProject
Project("{9A19103F-16F7-4668-BE54-9A1E7A4F7556}") = "EBCEYS.RabbitMQ.Server.MappedService", "RabbitMQ.Server.MapedService\EBCEYS.RabbitMQ.Server.MappedService.csproj", "{503EDC45-50ED-47B9-BF44-9B97F8B2C34C}"
EndProject
Project("{2150E333-8FDC-42A3-9474-1A3956D46DE8}") = "Tests", "Tests", "{B6725CED-C54A-4018-9DDD-7807DBDC8A99}"
EndProject
Project("{2150E333-8FDC-42A3-9474-1A3956D46DE8}") = "MapedService.Tests", "MapedService.Tests", "{77978844-B991-4DA7-A650-3FBD4C13164B}"
EndProject
Project("{9A19103F-16F7-4668-BE54-9A1E7A4F7556}") = "RabbitMQ.Server.MapedService.RabbitMQControllerBase.Test", "RabbitMQ.Server.MapedService.RabbitMQControllerBase.Test\RabbitMQ.Server.MapedService.RabbitMQControllerBase.Test.csproj", "{16E27488-3F58-4BD4-B05A-CFE72E7A5800}"
EndProject
Global
	GlobalSection(SolutionConfigurationPlatforms) = preSolution
		Debug|Any CPU = Debug|Any CPU
		Release|Any CPU = Release|Any CPU
	EndGlobalSection
	GlobalSection(ProjectConfigurationPlatforms) = postSolution
		{503EDC45-50ED-47B9-BF44-9B97F8B2C34C}.Debug|Any CPU.ActiveCfg = Debug|Any CPU
		{503EDC45-50ED-47B9-BF44-9B97F8B2C34C}.Debug|Any CPU.Build.0 = Debug|Any CPU
		{503EDC45-50ED-47B9-BF44-9B97F8B2C34C}.Release|Any CPU.ActiveCfg = Release|Any CPU
		{503EDC45-50ED-47B9-BF44-9B97F8B2C34C}.Release|Any CPU.Build.0 = Release|Any CPU
		{16E27488-3F58-4BD4-B05A-CFE72E7A5800}.Debug|Any CPU.ActiveCfg = Debug|Any CPU
		{16E27488-3F58-4BD4-B05A-CFE72E7A5800}.Debug|Any CPU.Build.0 = Debug|Any CPU
		{16E27488-3F58-4BD4-B05A-CFE72E7A5800}.Release|Any CPU.ActiveCfg = Release|Any CPU
		{16E27488-3F58-4BD4-B05A-CFE72E7A5800}.Release|Any CPU.Build.0 = Release|Any CPU
	EndGlobalSection
	GlobalSection(SolutionProperties) = preSolution
		HideSolutionNode = FALSE
	EndGlobalSection
	GlobalSection(NestedProjects) = preSolution
		{503EDC45-50ED-47B9-BF44-9B97F8B2C34C} = {176B2B19-8F90-456C-9B19-5FB3E5C94A57}
		{B6725CED-C54A-4018-9DDD-7807DBDC8A99} = {176B2B19-8F90-456C-9B19-5FB3E5C94A57}
		{77978844-B991-4DA7-A650-3FBD4C13164B} = {B6725CED-C54A-4018-9DDD-7807DBDC8A99}
		{16E27488-3F58-4BD4-B05A-CFE72E7A5800} = {77978844-B991-4DA7-A650-3FBD4C13164B}
	EndGlobalSection
	GlobalSection(ExtensibilityGlobals) = postSolution
		SolutionGuid = {2FEB6566-DC36-4DFD-BE23-559A331C2931}
	EndGlobalSection
EndGlobal
