
Microsoft Visual Studio Solution File, Format Version 12.00
# Visual Studio Version 17
VisualStudioVersion = 17.4.33403.182
MinimumVisualStudioVersion = 10.0.40219.1
Project("{2150E333-8FDC-42A3-9474-1A3956D46DE8}") = "Server", "Server", "{176B2B19-8F90-456C-9B19-5FB3E5C94A57}"
EndProject
Project("{9A19103F-16F7-4668-BE54-9A1E7A4F7556}") = "EBCEYS.RabbitMQ.Server.MappedService", "RabbitMQ.Server.MapedService\EBCEYS.RabbitMQ.Server.MappedService.csproj", "{503EDC45-50ED-47B9-BF44-9B97F8B2C34C}"
EndProject
Project("{2150E333-8FDC-42A3-9474-1A3956D46DE8}") = "Tests", "Tests", "{B6725CED-C54A-4018-9DDD-7807DBDC8A99}"
EndProject
Project("{2150E333-8FDC-42A3-9474-1A3956D46DE8}") = "Examples", "Examples", "{00B43505-DD3E-4639-BE06-6189EF00F33C}"
EndProject
Project("{9A19103F-16F7-4668-BE54-9A1E7A4F7556}") = "EBCEYS.RabbitMQ.ExampleService", "EBCEYS.RabbitMQ.ExampleService\EBCEYS.RabbitMQ.ExampleService.csproj", "{44978583-3192-4003-BDB8-106F634CACFB}"
EndProject
Project("{9A19103F-16F7-4668-BE54-9A1E7A4F7556}") = "EBCEYS.RabbitMQ.ExampleClient", "EBCEYS.RabbitMQ.ExampleClient\EBCEYS.RabbitMQ.ExampleClient.csproj", "{342CDAB9-1A49-4794-955A-2B02C430B6E7}"
EndProject
Project("{9A19103F-16F7-4668-BE54-9A1E7A4F7556}") = "EBCEYS.RabbitMQ.ExampleSmartController", "EBCEYS.RabbitMQ.ExampleSmartController\EBCEYS.RabbitMQ.ExampleSmartController.csproj", "{F0429E22-3037-4808-AE43-7C11166CD19F}"
EndProject
Project("{2150E333-8FDC-42A3-9474-1A3956D46DE8}") = "DockerExamples", "DockerExamples", "{7A3B90CC-8259-40D3-B038-972F651F59DE}"
EndProject
Project("{FAE04EC0-301F-11D3-BF4B-00C04F79EFBC}") = "EBCEYS.RabbitMQ.ExampleDockerClient", "DockerExamples\EBCEYS.RabbitMQ.ExampleDockerClient\EBCEYS.RabbitMQ.ExampleDockerClient.csproj", "{C81A3F20-E01E-44BC-B528-3F0B93B1A9FA}"
EndProject
Project("{FAE04EC0-301F-11D3-BF4B-00C04F79EFBC}") = "EBCEYS.RabbitMQ.ExampleDockerServer", "DockerExamples\EBCEYS.RabbitMQ.ExampleDockerServer\EBCEYS.RabbitMQ.ExampleDockerServer.csproj", "{8C2C9607-C4B7-4EF3-8CCC-C965C620E73C}"
EndProject
Project("{E53339B2-1760-4266-BCC7-CA923CBCF16C}") = "docker-compose", "docker-compose.dcproj", "{D6284C09-1BE8-405C-85DA-B3EDEC9FE695}"
EndProject
Project("{FAE04EC0-301F-11D3-BF4B-00C04F79EFBC}") = "EBCEYS.RabbitMQ.IntegrationTests", "EBCEYS.RabbitMQ.IntegrationTests\EBCEYS.RabbitMQ.IntegrationTests.csproj", "{7E4FAD5D-1393-48F6-A421-98090F149F86}"
EndProject
Project("{FAE04EC0-301F-11D3-BF4B-00C04F79EFBC}") = "EBCEYS.RabbitMQ.TestServer", "EBCEYS.RabbitMQ.TestServer\EBCEYS.RabbitMQ.TestServer.csproj", "{E755415C-FEE4-4A28-B48C-C6BD410488A5}"
EndProject
Global
	GlobalSection(SolutionConfigurationPlatforms) = preSolution
		Debug|Any CPU = Debug|Any CPU
		Debug|Client+SmartController = Debug|Client+SmartController
		Release|Any CPU = Release|Any CPU
		Release|Client+SmartController = Release|Client+SmartController
	EndGlobalSection
	GlobalSection(ProjectConfigurationPlatforms) = postSolution
		{503EDC45-50ED-47B9-BF44-9B97F8B2C34C}.Debug|Any CPU.ActiveCfg = Debug|Any CPU
		{503EDC45-50ED-47B9-BF44-9B97F8B2C34C}.Debug|Any CPU.Build.0 = Debug|Any CPU
		{503EDC45-50ED-47B9-BF44-9B97F8B2C34C}.Debug|Client+SmartController.ActiveCfg = Debug|Any CPU
		{503EDC45-50ED-47B9-BF44-9B97F8B2C34C}.Release|Any CPU.ActiveCfg = Release|Any CPU
		{503EDC45-50ED-47B9-BF44-9B97F8B2C34C}.Release|Any CPU.Build.0 = Release|Any CPU
		{503EDC45-50ED-47B9-BF44-9B97F8B2C34C}.Release|Client+SmartController.ActiveCfg = Release|Any CPU
		{503EDC45-50ED-47B9-BF44-9B97F8B2C34C}.Release|Client+SmartController.Build.0 = Release|Any CPU
		{44978583-3192-4003-BDB8-106F634CACFB}.Debug|Any CPU.ActiveCfg = Debug|Any CPU
		{44978583-3192-4003-BDB8-106F634CACFB}.Debug|Any CPU.Build.0 = Debug|Any CPU
		{44978583-3192-4003-BDB8-106F634CACFB}.Debug|Client+SmartController.ActiveCfg = Debug|Any CPU
		{44978583-3192-4003-BDB8-106F634CACFB}.Release|Any CPU.ActiveCfg = Release|Any CPU
		{44978583-3192-4003-BDB8-106F634CACFB}.Release|Any CPU.Build.0 = Release|Any CPU
		{44978583-3192-4003-BDB8-106F634CACFB}.Release|Client+SmartController.ActiveCfg = Release|Any CPU
		{44978583-3192-4003-BDB8-106F634CACFB}.Release|Client+SmartController.Build.0 = Release|Any CPU
		{342CDAB9-1A49-4794-955A-2B02C430B6E7}.Debug|Any CPU.ActiveCfg = Debug|Any CPU
		{342CDAB9-1A49-4794-955A-2B02C430B6E7}.Debug|Any CPU.Build.0 = Debug|Any CPU
		{342CDAB9-1A49-4794-955A-2B02C430B6E7}.Debug|Client+SmartController.ActiveCfg = Debug|Any CPU
		{342CDAB9-1A49-4794-955A-2B02C430B6E7}.Debug|Client+SmartController.Build.0 = Debug|Any CPU
		{342CDAB9-1A49-4794-955A-2B02C430B6E7}.Release|Any CPU.ActiveCfg = Release|Any CPU
		{342CDAB9-1A49-4794-955A-2B02C430B6E7}.Release|Any CPU.Build.0 = Release|Any CPU
		{342CDAB9-1A49-4794-955A-2B02C430B6E7}.Release|Client+SmartController.ActiveCfg = Release|Any CPU
		{342CDAB9-1A49-4794-955A-2B02C430B6E7}.Release|Client+SmartController.Build.0 = Release|Any CPU
		{F0429E22-3037-4808-AE43-7C11166CD19F}.Debug|Any CPU.ActiveCfg = Debug|Any CPU
		{F0429E22-3037-4808-AE43-7C11166CD19F}.Debug|Any CPU.Build.0 = Debug|Any CPU
		{F0429E22-3037-4808-AE43-7C11166CD19F}.Debug|Client+SmartController.ActiveCfg = Debug|Any CPU
		{F0429E22-3037-4808-AE43-7C11166CD19F}.Debug|Client+SmartController.Build.0 = Debug|Any CPU
		{F0429E22-3037-4808-AE43-7C11166CD19F}.Release|Any CPU.ActiveCfg = Release|Any CPU
		{F0429E22-3037-4808-AE43-7C11166CD19F}.Release|Any CPU.Build.0 = Release|Any CPU
		{F0429E22-3037-4808-AE43-7C11166CD19F}.Release|Client+SmartController.ActiveCfg = Release|Any CPU
		{F0429E22-3037-4808-AE43-7C11166CD19F}.Release|Client+SmartController.Build.0 = Release|Any CPU
		{C81A3F20-E01E-44BC-B528-3F0B93B1A9FA}.Debug|Any CPU.ActiveCfg = Debug|Any CPU
		{C81A3F20-E01E-44BC-B528-3F0B93B1A9FA}.Debug|Any CPU.Build.0 = Debug|Any CPU
		{C81A3F20-E01E-44BC-B528-3F0B93B1A9FA}.Debug|Client+SmartController.ActiveCfg = Debug|Any CPU
		{C81A3F20-E01E-44BC-B528-3F0B93B1A9FA}.Debug|Client+SmartController.Build.0 = Debug|Any CPU
		{C81A3F20-E01E-44BC-B528-3F0B93B1A9FA}.Release|Any CPU.ActiveCfg = Release|Any CPU
		{C81A3F20-E01E-44BC-B528-3F0B93B1A9FA}.Release|Any CPU.Build.0 = Release|Any CPU
		{C81A3F20-E01E-44BC-B528-3F0B93B1A9FA}.Release|Client+SmartController.ActiveCfg = Release|Any CPU
		{C81A3F20-E01E-44BC-B528-3F0B93B1A9FA}.Release|Client+SmartController.Build.0 = Release|Any CPU
		{8C2C9607-C4B7-4EF3-8CCC-C965C620E73C}.Debug|Any CPU.ActiveCfg = Debug|Any CPU
		{8C2C9607-C4B7-4EF3-8CCC-C965C620E73C}.Debug|Any CPU.Build.0 = Debug|Any CPU
		{8C2C9607-C4B7-4EF3-8CCC-C965C620E73C}.Debug|Client+SmartController.ActiveCfg = Debug|Any CPU
		{8C2C9607-C4B7-4EF3-8CCC-C965C620E73C}.Debug|Client+SmartController.Build.0 = Debug|Any CPU
		{8C2C9607-C4B7-4EF3-8CCC-C965C620E73C}.Release|Any CPU.ActiveCfg = Release|Any CPU
		{8C2C9607-C4B7-4EF3-8CCC-C965C620E73C}.Release|Any CPU.Build.0 = Release|Any CPU
		{8C2C9607-C4B7-4EF3-8CCC-C965C620E73C}.Release|Client+SmartController.ActiveCfg = Release|Any CPU
		{8C2C9607-C4B7-4EF3-8CCC-C965C620E73C}.Release|Client+SmartController.Build.0 = Release|Any CPU
		{D6284C09-1BE8-405C-85DA-B3EDEC9FE695}.Debug|Any CPU.ActiveCfg = Debug|Any CPU
		{D6284C09-1BE8-405C-85DA-B3EDEC9FE695}.Debug|Any CPU.Build.0 = Debug|Any CPU
		{D6284C09-1BE8-405C-85DA-B3EDEC9FE695}.Debug|Client+SmartController.ActiveCfg = Debug|Any CPU
		{D6284C09-1BE8-405C-85DA-B3EDEC9FE695}.Debug|Client+SmartController.Build.0 = Debug|Any CPU
		{D6284C09-1BE8-405C-85DA-B3EDEC9FE695}.Release|Any CPU.ActiveCfg = Release|Any CPU
		{D6284C09-1BE8-405C-85DA-B3EDEC9FE695}.Release|Any CPU.Build.0 = Release|Any CPU
		{D6284C09-1BE8-405C-85DA-B3EDEC9FE695}.Release|Client+SmartController.ActiveCfg = Release|Any CPU
		{D6284C09-1BE8-405C-85DA-B3EDEC9FE695}.Release|Client+SmartController.Build.0 = Release|Any CPU
		{7E4FAD5D-1393-48F6-A421-98090F149F86}.Debug|Any CPU.ActiveCfg = Debug|Any CPU
		{7E4FAD5D-1393-48F6-A421-98090F149F86}.Debug|Any CPU.Build.0 = Debug|Any CPU
		{7E4FAD5D-1393-48F6-A421-98090F149F86}.Debug|Client+SmartController.ActiveCfg = Debug|Any CPU
		{7E4FAD5D-1393-48F6-A421-98090F149F86}.Debug|Client+SmartController.Build.0 = Debug|Any CPU
		{7E4FAD5D-1393-48F6-A421-98090F149F86}.Release|Any CPU.ActiveCfg = Release|Any CPU
		{7E4FAD5D-1393-48F6-A421-98090F149F86}.Release|Any CPU.Build.0 = Release|Any CPU
		{7E4FAD5D-1393-48F6-A421-98090F149F86}.Release|Client+SmartController.ActiveCfg = Release|Any CPU
		{7E4FAD5D-1393-48F6-A421-98090F149F86}.Release|Client+SmartController.Build.0 = Release|Any CPU
		{E755415C-FEE4-4A28-B48C-C6BD410488A5}.Debug|Any CPU.ActiveCfg = Debug|Any CPU
		{E755415C-FEE4-4A28-B48C-C6BD410488A5}.Debug|Any CPU.Build.0 = Debug|Any CPU
		{E755415C-FEE4-4A28-B48C-C6BD410488A5}.Debug|Client+SmartController.ActiveCfg = Debug|Any CPU
		{E755415C-FEE4-4A28-B48C-C6BD410488A5}.Debug|Client+SmartController.Build.0 = Debug|Any CPU
		{E755415C-FEE4-4A28-B48C-C6BD410488A5}.Release|Any CPU.ActiveCfg = Release|Any CPU
		{E755415C-FEE4-4A28-B48C-C6BD410488A5}.Release|Any CPU.Build.0 = Release|Any CPU
		{E755415C-FEE4-4A28-B48C-C6BD410488A5}.Release|Client+SmartController.ActiveCfg = Release|Any CPU
		{E755415C-FEE4-4A28-B48C-C6BD410488A5}.Release|Client+SmartController.Build.0 = Release|Any CPU
	EndGlobalSection
	GlobalSection(SolutionProperties) = preSolution
		HideSolutionNode = FALSE
	EndGlobalSection
	GlobalSection(NestedProjects) = preSolution
		{503EDC45-50ED-47B9-BF44-9B97F8B2C34C} = {176B2B19-8F90-456C-9B19-5FB3E5C94A57}
		{B6725CED-C54A-4018-9DDD-7807DBDC8A99} = {176B2B19-8F90-456C-9B19-5FB3E5C94A57}
		{44978583-3192-4003-BDB8-106F634CACFB} = {00B43505-DD3E-4639-BE06-6189EF00F33C}
		{342CDAB9-1A49-4794-955A-2B02C430B6E7} = {00B43505-DD3E-4639-BE06-6189EF00F33C}
		{F0429E22-3037-4808-AE43-7C11166CD19F} = {00B43505-DD3E-4639-BE06-6189EF00F33C}
		{7A3B90CC-8259-40D3-B038-972F651F59DE} = {00B43505-DD3E-4639-BE06-6189EF00F33C}
		{C81A3F20-E01E-44BC-B528-3F0B93B1A9FA} = {7A3B90CC-8259-40D3-B038-972F651F59DE}
		{8C2C9607-C4B7-4EF3-8CCC-C965C620E73C} = {7A3B90CC-8259-40D3-B038-972F651F59DE}
		{D6284C09-1BE8-405C-85DA-B3EDEC9FE695} = {7A3B90CC-8259-40D3-B038-972F651F59DE}
		{7E4FAD5D-1393-48F6-A421-98090F149F86} = {B6725CED-C54A-4018-9DDD-7807DBDC8A99}
		{E755415C-FEE4-4A28-B48C-C6BD410488A5} = {B6725CED-C54A-4018-9DDD-7807DBDC8A99}
	EndGlobalSection
	GlobalSection(ExtensibilityGlobals) = postSolution
		SolutionGuid = {2FEB6566-DC36-4DFD-BE23-559A331C2931}
	EndGlobalSection
EndGlobal
